
Microsoft Visual Studio Solution File, Format Version 12.00
# Visual Studio Version 17
VisualStudioVersion = 17.9.34728.123
MinimumVisualStudioVersion = 10.0.40219.1
Project("{FAE04EC0-301F-11D3-BF4B-00C04F79EFBC}") = "Silicon-Blazor-Main-App", "Silicon-Blazor-Main-App\Silicon-Blazor-Main-App\Silicon-Blazor-Main-App.csproj", "{27897DB9-A106-4F72-80A4-60C78BF7882A}"
EndProject
Project("{FAE04EC0-301F-11D3-BF4B-00C04F79EFBC}") = "Silicon-Blazor-Main-App.Client", "Silicon-Blazor-Main-App\Silicon-Blazor-Main-App.Client\Silicon-Blazor-Main-App.Client.csproj", "{047CEB21-FDA3-4242-8F55-9693B3CD9F53}"
EndProject
Global
	GlobalSection(SolutionConfigurationPlatforms) = preSolution
		Debug|Any CPU = Debug|Any CPU
		Release|Any CPU = Release|Any CPU
	EndGlobalSection
	GlobalSection(ProjectConfigurationPlatforms) = postSolution
		{27897DB9-A106-4F72-80A4-60C78BF7882A}.Debug|Any CPU.ActiveCfg = Debug|Any CPU
		{27897DB9-A106-4F72-80A4-60C78BF7882A}.Debug|Any CPU.Build.0 = Debug|Any CPU
		{27897DB9-A106-4F72-80A4-60C78BF7882A}.Release|Any CPU.ActiveCfg = Release|Any CPU
		{27897DB9-A106-4F72-80A4-60C78BF7882A}.Release|Any CPU.Build.0 = Release|Any CPU
		{047CEB21-FDA3-4242-8F55-9693B3CD9F53}.Debug|Any CPU.ActiveCfg = Debug|Any CPU
		{047CEB21-FDA3-4242-8F55-9693B3CD9F53}.Debug|Any CPU.Build.0 = Debug|Any CPU
		{047CEB21-FDA3-4242-8F55-9693B3CD9F53}.Release|Any CPU.ActiveCfg = Release|Any CPU
		{047CEB21-FDA3-4242-8F55-9693B3CD9F53}.Release|Any CPU.Build.0 = Release|Any CPU
	EndGlobalSection
	GlobalSection(SolutionProperties) = preSolution
		HideSolutionNode = FALSE
	EndGlobalSection
	GlobalSection(ExtensibilityGlobals) = postSolution
		SolutionGuid = {254A9FCA-2D2E-4535-99CB-AEB50FCE07F2}
	EndGlobalSection
EndGlobal
